
Microsoft Visual Studio Solution File, Format Version 12.00
# Visual Studio Version 17
VisualStudioVersion = 17.7.34031.279
MinimumVisualStudioVersion = 10.0.40219.1
Project("{FAE04EC0-301F-11D3-BF4B-00C04F79EFBC}") = "karar14", "karar14\karar14.csproj", "{EDFCC726-CBE7-4B26-A2ED-5E8900760679}"
EndProject
Global
	GlobalSection(SolutionConfigurationPlatforms) = preSolution
		Debug|Any CPU = Debug|Any CPU
		Release|Any CPU = Release|Any CPU
	EndGlobalSection
	GlobalSection(ProjectConfigurationPlatforms) = postSolution
		{EDFCC726-CBE7-4B26-A2ED-5E8900760679}.Debug|Any CPU.ActiveCfg = Debug|Any CPU
		{EDFCC726-CBE7-4B26-A2ED-5E8900760679}.Debug|Any CPU.Build.0 = Debug|Any CPU
		{EDFCC726-CBE7-4B26-A2ED-5E8900760679}.Release|Any CPU.ActiveCfg = Release|Any CPU
		{EDFCC726-CBE7-4B26-A2ED-5E8900760679}.Release|Any CPU.Build.0 = Release|Any CPU
	EndGlobalSection
	GlobalSection(SolutionProperties) = preSolution
		HideSolutionNode = FALSE
	EndGlobalSection
	GlobalSection(ExtensibilityGlobals) = postSolution
		SolutionGuid = {8EA65368-744E-45A4-B7C9-E610E08DE18D}
	EndGlobalSection
EndGlobal
